{
  "nodes": {
    "home-manager": {
      "inputs": {
        "nixpkgs": [
          "nixpkgs"
        ]
      },
      "locked": {
        "lastModified": 1781989573,
        "narHash": "sha256-npfH7Zv7t1akX/ArqCNro4zU4ViPlghLaPnbEfHbCxk=",
        "owner": "nix-community",
        "repo": "home-manager",
        "rev": "78e7d8b13ecd7f5256a5c11ce216876164099d9f",
        "type": "github"
      },
      "original": {
        "owner": "nix-community",
        "repo": "home-manager",
        "type": "github"
      }
    },
    "nixpkgs": {
      "locked": {
        "lastModified": 1781577229,
        "narHash": "sha256-lrp67w8AulE9Ks53n27I45ADSzbOCn4H+CNW1Ck8B+8=",
        "owner": "NixOS",
        "repo": "nixpkgs",
        "rev": "567a49d1913ce81ac6e9582e3553dd90a955875f",
        "type": "github"
      },
      "original": {
        "owner": "NixOS",
        "ref": "nixos-unstable",
        "repo": "nixpkgs",
        "type": "github"
      }
    },
    "noctalia": {
      "inputs": {
        "nixpkgs": [
          "nixpkgs"
        ]
      },
      "locked": {
        "lastModified": 1782419232,
        "narHash": "sha256-+B1qeN/ducHvZxpFiMdj/Pojy9zvhRu0b7u4jjvfYfc=",
        "owner": "noctalia-dev",
        "repo": "noctalia",
        "rev": "b4b74ef9d83be43a5c22ce41286159703a19b13d",
        "type": "github"
      },
      "original": {
        "owner": "noctalia-dev",
        "ref": "cachix",
        "repo": "noctalia",
        "type": "github"
      }
    },
    "noctalia-greeter": {
      "inputs": {
        "nixpkgs": [
          "nixpkgs"
        ]
      },
      "locked": {
        "lastModified": 1782384482,
        "narHash": "sha256-/M/0qSuGh3Jc2KwcwxlSSURNxFnB8GtytVPKlVi5r90=",
        "owner": "noctalia-dev",
        "repo": "noctalia-greeter",
        "rev": "ff35479bc920469fe371611915d7b20624237672",
        "type": "github"
      },
      "original": {
        "owner": "noctalia-dev",
        "repo": "noctalia-greeter",
        "type": "github"
      }
    },
    "root": {
      "inputs": {
        "home-manager": "home-manager",
        "nixpkgs": "nixpkgs",
        "noctalia": "noctalia",
        "noctalia-greeter": "noctalia-greeter"
      }
    }
  },
  "root": "root",
  "version": 7
}
